
Microsoft Visual Studio Solution File, Format Version 12.00
# Visual Studio Version 17
VisualStudioVersion = 17.8.34408.163
MinimumVisualStudioVersion = 10.0.40219.1
Project("{9A19103F-16F7-4668-BE54-9A1E7A4F7556}") = "ApartmentManagementSystem.Entities", "ApartmentManagementSystem.Entities\ApartmentManagementSystem.Entities.csproj", "{8C48D7FD-A6CF-490D-BCBB-A92AEB98CE6A}"
EndProject
Project("{9A19103F-16F7-4668-BE54-9A1E7A4F7556}") = "ApartmentManagementSystem.DataAccess", "ApartmentManagementSystem.DataAccess\ApartmentManagementSystem.DataAccess.csproj", "{CC1BB6E5-5AE8-4CDE-A719-1AFE308F6C1F}"
EndProject
Project("{9A19103F-16F7-4668-BE54-9A1E7A4F7556}") = "ApartmentManagementSystem.Business", "ApartmentManagementSystem.Business\ApartmentManagementSystem.Business.csproj", "{C3EA4B68-487B-485C-B3C0-91F0F4AF91AC}"
EndProject
Project("{9A19103F-16F7-4668-BE54-9A1E7A4F7556}") = "ApartmentManagementSystem.Core", "ApartmentManagementSystem.Core\ApartmentManagementSystem.Core.csproj", "{13ACB2FE-823C-4B23-A42C-4CC2B36936EF}"
EndProject
Project("{9A19103F-16F7-4668-BE54-9A1E7A4F7556}") = "ApartmentManagementSystem.WebAPI", "ApartmentManagementSystem.WebAPI\ApartmentManagementSystem.WebAPI.csproj", "{B04E340F-5EF5-404C-A11A-049D6A635795}"
EndProject
Global
	GlobalSection(SolutionConfigurationPlatforms) = preSolution
		Debug|Any CPU = Debug|Any CPU
		Release|Any CPU = Release|Any CPU
	EndGlobalSection
	GlobalSection(ProjectConfigurationPlatforms) = postSolution
		{8C48D7FD-A6CF-490D-BCBB-A92AEB98CE6A}.Debug|Any CPU.ActiveCfg = Debug|Any CPU
		{8C48D7FD-A6CF-490D-BCBB-A92AEB98CE6A}.Debug|Any CPU.Build.0 = Debug|Any CPU
		{8C48D7FD-A6CF-490D-BCBB-A92AEB98CE6A}.Release|Any CPU.ActiveCfg = Release|Any CPU
		{8C48D7FD-A6CF-490D-BCBB-A92AEB98CE6A}.Release|Any CPU.Build.0 = Release|Any CPU
		{CC1BB6E5-5AE8-4CDE-A719-1AFE308F6C1F}.Debug|Any CPU.ActiveCfg = Debug|Any CPU
		{CC1BB6E5-5AE8-4CDE-A719-1AFE308F6C1F}.Debug|Any CPU.Build.0 = Debug|Any CPU
		{CC1BB6E5-5AE8-4CDE-A719-1AFE308F6C1F}.Release|Any CPU.ActiveCfg = Release|Any CPU
		{CC1BB6E5-5AE8-4CDE-A719-1AFE308F6C1F}.Release|Any CPU.Build.0 = Release|Any CPU
		{C3EA4B68-487B-485C-B3C0-91F0F4AF91AC}.Debug|Any CPU.ActiveCfg = Debug|Any CPU
		{C3EA4B68-487B-485C-B3C0-91F0F4AF91AC}.Debug|Any CPU.Build.0 = Debug|Any CPU
		{C3EA4B68-487B-485C-B3C0-91F0F4AF91AC}.Release|Any CPU.ActiveCfg = Release|Any CPU
		{C3EA4B68-487B-485C-B3C0-91F0F4AF91AC}.Release|Any CPU.Build.0 = Release|Any CPU
		{13ACB2FE-823C-4B23-A42C-4CC2B36936EF}.Debug|Any CPU.ActiveCfg = Debug|Any CPU
		{13ACB2FE-823C-4B23-A42C-4CC2B36936EF}.Debug|Any CPU.Build.0 = Debug|Any CPU
		{13ACB2FE-823C-4B23-A42C-4CC2B36936EF}.Release|Any CPU.ActiveCfg = Release|Any CPU
		{13ACB2FE-823C-4B23-A42C-4CC2B36936EF}.Release|Any CPU.Build.0 = Release|Any CPU
		{B04E340F-5EF5-404C-A11A-049D6A635795}.Debug|Any CPU.ActiveCfg = Debug|Any CPU
		{B04E340F-5EF5-404C-A11A-049D6A635795}.Debug|Any CPU.Build.0 = Debug|Any CPU
		{B04E340F-5EF5-404C-A11A-049D6A635795}.Release|Any CPU.ActiveCfg = Release|Any CPU
		{B04E340F-5EF5-404C-A11A-049D6A635795}.Release|Any CPU.Build.0 = Release|Any CPU
	EndGlobalSection
	GlobalSection(SolutionProperties) = preSolution
		HideSolutionNode = FALSE
	EndGlobalSection
	GlobalSection(ExtensibilityGlobals) = postSolution
		SolutionGuid = {2713ABE0-56D4-473E-9229-A9BAE011D5DB}
	EndGlobalSection
EndGlobal
